{
  "name": "real_bbl_export",
  "version": "1.0.0",
  "lockfileVersion": 2,
  "requires": true,
  "packages": {
    "": {
      "name": "real_bbl_export",
      "version": "1.0.0",
      "license": "ISC",
      "dependencies": {
        "babylonjs": "^7.3.1",
        "babylonjs-serializers": "^7.5.0"
      }
    },
    "node_modules/babylonjs": {
      "version": "7.13.1",
      "resolved": "https://registry.npmjs.org/babylonjs/-/babylonjs-7.13.1.tgz",
      "integrity": "sha512-mems0UitZoxVph1Y0jjPD8DYsl9GqOEyIXHkiTvc5ad6IETmw0IbNGfosiZG0wVidCRMDX/VTFxXd0Ry+rDEEw==",
      "hasInstallScript": true
    },
    "node_modules/babylonjs-gltf2interface": {
      "version": "7.13.1",
      "resolved": "https://registry.npmjs.org/babylonjs-gltf2interface/-/babylonjs-gltf2interface-7.13.1.tgz",
      "integrity": "sha512-kgMZrek1Gul22+Igy43pYdofg89odPv5uxYrjzryVvMxmzPI7NwgxickXT3tM/SGoyF0AoXlPrKLCK5zHT0/eg=="
    },
    "node_modules/babylonjs-serializers": {
      "version": "7.13.1",
      "resolved": "https://registry.npmjs.org/babylonjs-serializers/-/babylonjs-serializers-7.13.1.tgz",
      "integrity": "sha512-nvjaNYfcYoQvUZzL/bp2PWdYB5qy/9mcUIVp0UOl4FAFoOKc7PoLMtXjbRVMWIKSsmbG7+lMOM18scJFJgq2IQ==",
      "dependencies": {
        "babylonjs": "^7.13.1",
        "babylonjs-gltf2interface": "^7.13.1"
      }
    }
  },
  "dependencies": {
    "babylonjs": {
      "version": "7.13.1",
      "resolved": "https://registry.npmjs.org/babylonjs/-/babylonjs-7.13.1.tgz",
      "integrity": "sha512-mems0UitZoxVph1Y0jjPD8DYsl9GqOEyIXHkiTvc5ad6IETmw0IbNGfosiZG0wVidCRMDX/VTFxXd0Ry+rDEEw=="
    },
    "babylonjs-gltf2interface": {
      "version": "7.13.1",
      "resolved": "https://registry.npmjs.org/babylonjs-gltf2interface/-/babylonjs-gltf2interface-7.13.1.tgz",
      "integrity": "sha512-kgMZrek1Gul22+Igy43pYdofg89odPv5uxYrjzryVvMxmzPI7NwgxickXT3tM/SGoyF0AoXlPrKLCK5zHT0/eg=="
    },
    "babylonjs-serializers": {
      "version": "7.13.1",
      "resolved": "https://registry.npmjs.org/babylonjs-serializers/-/babylonjs-serializers-7.13.1.tgz",
      "integrity": "sha512-nvjaNYfcYoQvUZzL/bp2PWdYB5qy/9mcUIVp0UOl4FAFoOKc7PoLMtXjbRVMWIKSsmbG7+lMOM18scJFJgq2IQ==",
      "requires": {
        "babylonjs": "^7.13.1",
        "babylonjs-gltf2interface": "^7.13.1"
      }
    }
  }
}
